
Microsoft Visual Studio Solution File, Format Version 10.00
# Visual Studio 2008
Project("{FAE04EC0-301F-11D3-BF4B-00C04F79EFBC}") = "Euphor", "Euphor\Euphor.csproj", "{5FB9E3B5-5FFD-49CC-A214-4ACDA9F6CD4C}"
EndProject
Global
	GlobalSection(SolutionConfigurationPlatforms) = preSolution
		Debug|x86 = Debug|x86
		Release|x86 = Release|x86
	EndGlobalSection
	GlobalSection(ProjectConfigurationPlatforms) = postSolution
		{5FB9E3B5-5FFD-49CC-A214-4ACDA9F6CD4C}.Debug|x86.ActiveCfg = Debug|x86
		{5FB9E3B5-5FFD-49CC-A214-4ACDA9F6CD4C}.Debug|x86.Build.0 = Debug|x86
		{5FB9E3B5-5FFD-49CC-A214-4ACDA9F6CD4C}.Release|x86.ActiveCfg = Release|x86
		{5FB9E3B5-5FFD-49CC-A214-4ACDA9F6CD4C}.Release|x86.Build.0 = Release|x86
		{BC33F5A9-2773-4719-AE63-90FE019C5F88}.Debug|x86.ActiveCfg = Debug|x86
		{BC33F5A9-2773-4719-AE63-90FE019C5F88}.Release|x86.ActiveCfg = Release|x86
	EndGlobalSection
	GlobalSection(SolutionProperties) = preSolution
		HideSolutionNode = FALSE
	EndGlobalSection
EndGlobal
